
Microsoft Visual Studio Solution File, Format Version 12.00
# Visual Studio Version 17
VisualStudioVersion = 17.14.37411.7 d17.14
MinimumVisualStudioVersion = 10.0.40219.1
Project("{FAE04EC0-301F-11D3-BF4B-00C04F79EFBC}") = "DVLD_PresentationLayer", "DVLD_PresentationLayer.csproj", "{0BEB2556-6FA1-4DD6-84DC-84B94378C14A}"
EndProject
Project("{FAE04EC0-301F-11D3-BF4B-00C04F79EFBC}") = "DVLD_BusinessLayer", "H:\Projects\DVLD\DVLD_BusinessLayer\DVLD_BusinessLayer.csproj", "{13F77018-AA55-490A-99DF-B2A9C61B63AD}"
EndProject
Project("{FAE04EC0-301F-11D3-BF4B-00C04F79EFBC}") = "DVLD_DataAccessLayer", "H:\Projects\DVLD\DVLD_DataAccessLayer\DVLD_DataAccessLayer.csproj", "{DDD62395-2765-4506-B1C8-8391EBBFFAFB}"
EndProject
Global
	GlobalSection(SolutionConfigurationPlatforms) = preSolution
		Debug|Any CPU = Debug|Any CPU
		Release|Any CPU = Release|Any CPU
	EndGlobalSection
	GlobalSection(ProjectConfigurationPlatforms) = postSolution
		{0BEB2556-6FA1-4DD6-84DC-84B94378C14A}.Debug|Any CPU.ActiveCfg = Debug|Any CPU
		{0BEB2556-6FA1-4DD6-84DC-84B94378C14A}.Debug|Any CPU.Build.0 = Debug|Any CPU
		{0BEB2556-6FA1-4DD6-84DC-84B94378C14A}.Release|Any CPU.ActiveCfg = Release|Any CPU
		{0BEB2556-6FA1-4DD6-84DC-84B94378C14A}.Release|Any CPU.Build.0 = Release|Any CPU
		{13F77018-AA55-490A-99DF-B2A9C61B63AD}.Debug|Any CPU.ActiveCfg = Debug|Any CPU
		{13F77018-AA55-490A-99DF-B2A9C61B63AD}.Debug|Any CPU.Build.0 = Debug|Any CPU
		{13F77018-AA55-490A-99DF-B2A9C61B63AD}.Release|Any CPU.ActiveCfg = Release|Any CPU
		{13F77018-AA55-490A-99DF-B2A9C61B63AD}.Release|Any CPU.Build.0 = Release|Any CPU
		{DDD62395-2765-4506-B1C8-8391EBBFFAFB}.Debug|Any CPU.ActiveCfg = Debug|Any CPU
		{DDD62395-2765-4506-B1C8-8391EBBFFAFB}.Debug|Any CPU.Build.0 = Debug|Any CPU
		{DDD62395-2765-4506-B1C8-8391EBBFFAFB}.Release|Any CPU.ActiveCfg = Release|Any CPU
		{DDD62395-2765-4506-B1C8-8391EBBFFAFB}.Release|Any CPU.Build.0 = Release|Any CPU
	EndGlobalSection
	GlobalSection(SolutionProperties) = preSolution
		HideSolutionNode = FALSE
	EndGlobalSection
	GlobalSection(ExtensibilityGlobals) = postSolution
		SolutionGuid = {1F556217-59DF-43D1-8262-0605D5B5D689}
	EndGlobalSection
EndGlobal
