
Microsoft Visual Studio Solution File, Format Version 12.00
# Visual Studio Version 17
VisualStudioVersion = 17.14.36915.13 d17.14
MinimumVisualStudioVersion = 10.0.40219.1
Project("{FAE04EC0-301F-11D3-BF4B-00C04F79EFBC}") = "DVLD_DataAccessLayer", "DVLD_DataAccessLayer.csproj", "{DDD62395-2765-4506-B1C8-8391EBBFFAFB}"
EndProject
Global
	GlobalSection(SolutionConfigurationPlatforms) = preSolution
		Debug|Any CPU = Debug|Any CPU
		Release|Any CPU = Release|Any CPU
	EndGlobalSection
	GlobalSection(ProjectConfigurationPlatforms) = postSolution
		{DDD62395-2765-4506-B1C8-8391EBBFFAFB}.Debug|Any CPU.ActiveCfg = Debug|Any CPU
		{DDD62395-2765-4506-B1C8-8391EBBFFAFB}.Debug|Any CPU.Build.0 = Debug|Any CPU
		{DDD62395-2765-4506-B1C8-8391EBBFFAFB}.Release|Any CPU.ActiveCfg = Release|Any CPU
		{DDD62395-2765-4506-B1C8-8391EBBFFAFB}.Release|Any CPU.Build.0 = Release|Any CPU
	EndGlobalSection
	GlobalSection(SolutionProperties) = preSolution
		HideSolutionNode = FALSE
	EndGlobalSection
	GlobalSection(ExtensibilityGlobals) = postSolution
		SolutionGuid = {6144E970-92BF-4841-B683-D10610948513}
	EndGlobalSection
EndGlobal
